
Microsoft Visual Studio Solution File, Format Version 12.00
# Visual Studio 15
VisualStudioVersion = 15.0.28307.1622
MinimumVisualStudioVersion = 10.0.40219.1
Project("{FAE04EC0-301F-11D3-BF4B-00C04F79EFBC}") = "Paprika", "Paprika.csproj", "{BFCD2E05-567B-4ADE-99EC-9C9694FD9C8D}"
	ProjectSection(ProjectDependencies) = postProject
		{985FBED4-9C41-43BE-9892-7C7EBDF1A528} = {985FBED4-9C41-43BE-9892-7C7EBDF1A528}
	EndProjectSection
EndProject
Project("{FAE04EC0-301F-11D3-BF4B-00C04F79EFBC}") = "PaprikaTaskExample", "PaprikaTaskExample\PaprikaTaskExample.csproj", "{985FBED4-9C41-43BE-9892-7C7EBDF1A528}"
EndProject
Project("{FAE04EC0-301F-11D3-BF4B-00C04F79EFBC}") = "Ria", "Ria\Ria.csproj", "{677002B2-8BA8-4E0A-A03E-1981D4756A37}"
EndProject
Project("{FAE04EC0-301F-11D3-BF4B-00C04F79EFBC}") = "Emi", "Emi\Emi.csproj", "{2851AB33-C4FA-41E1-96CA-925B4DD1A355}"
EndProject
Project("{FAE04EC0-301F-11D3-BF4B-00C04F79EFBC}") = "Reflx", "Ria\Reflx\Reflx.csproj", "{FF60305A-A48B-4E61-AB32-48ACCA429AD9}"
EndProject
Project("{FAE04EC0-301F-11D3-BF4B-00C04F79EFBC}") = "Eksmaru", "Ria\Eksmaru\Eksmaru.csproj", "{60BFCDD8-C920-4999-9727-2BE8F3238236}"
EndProject
Project("{FAE04EC0-301F-11D3-BF4B-00C04F79EFBC}") = "Arvy", "Ria\Arvy\Arvy.csproj", "{3A658B44-725F-44A8-A0F0-710E56E99BC6}"
EndProject
Project("{FAE04EC0-301F-11D3-BF4B-00C04F79EFBC}") = "Exy", "Ria\Arvy\Exy\Exy.csproj", "{AED04E87-1239-4184-9572-0E6A860E23A0}"
EndProject
Project("{2150E333-8FDC-42A3-9474-1A3956D46DE8}") = "Common Module", "Common Module", "{BE5D8BA8-E298-404A-A836-8B2C92617C80}"
EndProject
Project("{FAE04EC0-301F-11D3-BF4B-00C04F79EFBC}") = "Nvy", "Ria\Reflx\Nvy\Nvy.csproj", "{D3CE71DF-1CF7-44FA-9B67-EA24168A7AD6}"
EndProject
Global
	GlobalSection(SolutionConfigurationPlatforms) = preSolution
		Debug|Any CPU = Debug|Any CPU
		Release|Any CPU = Release|Any CPU
	EndGlobalSection
	GlobalSection(ProjectConfigurationPlatforms) = postSolution
		{BFCD2E05-567B-4ADE-99EC-9C9694FD9C8D}.Debug|Any CPU.ActiveCfg = Debug|Any CPU
		{BFCD2E05-567B-4ADE-99EC-9C9694FD9C8D}.Debug|Any CPU.Build.0 = Debug|Any CPU
		{BFCD2E05-567B-4ADE-99EC-9C9694FD9C8D}.Release|Any CPU.ActiveCfg = Release|Any CPU
		{BFCD2E05-567B-4ADE-99EC-9C9694FD9C8D}.Release|Any CPU.Build.0 = Release|Any CPU
		{985FBED4-9C41-43BE-9892-7C7EBDF1A528}.Debug|Any CPU.ActiveCfg = Debug|Any CPU
		{985FBED4-9C41-43BE-9892-7C7EBDF1A528}.Debug|Any CPU.Build.0 = Debug|Any CPU
		{985FBED4-9C41-43BE-9892-7C7EBDF1A528}.Release|Any CPU.ActiveCfg = Release|Any CPU
		{985FBED4-9C41-43BE-9892-7C7EBDF1A528}.Release|Any CPU.Build.0 = Release|Any CPU
		{677002B2-8BA8-4E0A-A03E-1981D4756A37}.Debug|Any CPU.ActiveCfg = Debug|Any CPU
		{677002B2-8BA8-4E0A-A03E-1981D4756A37}.Debug|Any CPU.Build.0 = Debug|Any CPU
		{677002B2-8BA8-4E0A-A03E-1981D4756A37}.Release|Any CPU.ActiveCfg = Release|Any CPU
		{677002B2-8BA8-4E0A-A03E-1981D4756A37}.Release|Any CPU.Build.0 = Release|Any CPU
		{2851AB33-C4FA-41E1-96CA-925B4DD1A355}.Debug|Any CPU.ActiveCfg = Debug|Any CPU
		{2851AB33-C4FA-41E1-96CA-925B4DD1A355}.Debug|Any CPU.Build.0 = Debug|Any CPU
		{2851AB33-C4FA-41E1-96CA-925B4DD1A355}.Release|Any CPU.ActiveCfg = Release|Any CPU
		{2851AB33-C4FA-41E1-96CA-925B4DD1A355}.Release|Any CPU.Build.0 = Release|Any CPU
		{FF60305A-A48B-4E61-AB32-48ACCA429AD9}.Debug|Any CPU.ActiveCfg = Debug|Any CPU
		{FF60305A-A48B-4E61-AB32-48ACCA429AD9}.Debug|Any CPU.Build.0 = Debug|Any CPU
		{FF60305A-A48B-4E61-AB32-48ACCA429AD9}.Release|Any CPU.ActiveCfg = Release|Any CPU
		{FF60305A-A48B-4E61-AB32-48ACCA429AD9}.Release|Any CPU.Build.0 = Release|Any CPU
		{60BFCDD8-C920-4999-9727-2BE8F3238236}.Debug|Any CPU.ActiveCfg = Debug|Any CPU
		{60BFCDD8-C920-4999-9727-2BE8F3238236}.Debug|Any CPU.Build.0 = Debug|Any CPU
		{60BFCDD8-C920-4999-9727-2BE8F3238236}.Release|Any CPU.ActiveCfg = Release|Any CPU
		{60BFCDD8-C920-4999-9727-2BE8F3238236}.Release|Any CPU.Build.0 = Release|Any CPU
		{3A658B44-725F-44A8-A0F0-710E56E99BC6}.Debug|Any CPU.ActiveCfg = Debug|Any CPU
		{3A658B44-725F-44A8-A0F0-710E56E99BC6}.Debug|Any CPU.Build.0 = Debug|Any CPU
		{3A658B44-725F-44A8-A0F0-710E56E99BC6}.Release|Any CPU.ActiveCfg = Release|Any CPU
		{3A658B44-725F-44A8-A0F0-710E56E99BC6}.Release|Any CPU.Build.0 = Release|Any CPU
		{AED04E87-1239-4184-9572-0E6A860E23A0}.Debug|Any CPU.ActiveCfg = Debug|Any CPU
		{AED04E87-1239-4184-9572-0E6A860E23A0}.Debug|Any CPU.Build.0 = Debug|Any CPU
		{AED04E87-1239-4184-9572-0E6A860E23A0}.Release|Any CPU.ActiveCfg = Release|Any CPU
		{AED04E87-1239-4184-9572-0E6A860E23A0}.Release|Any CPU.Build.0 = Release|Any CPU
		{D3CE71DF-1CF7-44FA-9B67-EA24168A7AD6}.Debug|Any CPU.ActiveCfg = Debug|Any CPU
		{D3CE71DF-1CF7-44FA-9B67-EA24168A7AD6}.Debug|Any CPU.Build.0 = Debug|Any CPU
		{D3CE71DF-1CF7-44FA-9B67-EA24168A7AD6}.Release|Any CPU.ActiveCfg = Release|Any CPU
		{D3CE71DF-1CF7-44FA-9B67-EA24168A7AD6}.Release|Any CPU.Build.0 = Release|Any CPU
	EndGlobalSection
	GlobalSection(SolutionProperties) = preSolution
		HideSolutionNode = FALSE
	EndGlobalSection
	GlobalSection(NestedProjects) = preSolution
		{677002B2-8BA8-4E0A-A03E-1981D4756A37} = {BE5D8BA8-E298-404A-A836-8B2C92617C80}
		{2851AB33-C4FA-41E1-96CA-925B4DD1A355} = {BE5D8BA8-E298-404A-A836-8B2C92617C80}
		{FF60305A-A48B-4E61-AB32-48ACCA429AD9} = {BE5D8BA8-E298-404A-A836-8B2C92617C80}
		{60BFCDD8-C920-4999-9727-2BE8F3238236} = {BE5D8BA8-E298-404A-A836-8B2C92617C80}
		{3A658B44-725F-44A8-A0F0-710E56E99BC6} = {BE5D8BA8-E298-404A-A836-8B2C92617C80}
		{AED04E87-1239-4184-9572-0E6A860E23A0} = {BE5D8BA8-E298-404A-A836-8B2C92617C80}
		{D3CE71DF-1CF7-44FA-9B67-EA24168A7AD6} = {BE5D8BA8-E298-404A-A836-8B2C92617C80}
	EndGlobalSection
	GlobalSection(ExtensibilityGlobals) = postSolution
		SolutionGuid = {24AFC1F9-9165-45A1-A65F-B36E5AF2839F}
	EndGlobalSection
EndGlobal
